// !$*UTF8*$!
{
	archiveVersion = 1;
	classes = {
	};
	objectVersion = 46;
	objects = {

/* Begin PBXBuildFile section */
		2C56E89D1EAFA4FE00DEFECC /* ShopMasterTableViewCell.swift in Sources */ = {isa = PBXBuildFile; fileRef = 2C56E89C1EAFA4FE00DEFECC /* ShopMasterTableViewCell.swift */; };
		2CE0BB841EAEBA7E008151C2 /* AppDelegate.swift in Sources */ = {isa = PBXBuildFile; fileRef = 2CE0BB831EAEBA7E008151C2 /* AppDelegate.swift */; };
		2CE0BB891EAEBA7E008151C2 /* Main.storyboard in Resources */ = {isa = PBXBuildFile; fileRef = 2CE0BB871EAEBA7E008151C2 /* Main.storyboard */; };
		2CE0BB8C1EAEBA7E008151C2 /* DVDShop.xcdatamodeld in Sources */ = {isa = PBXBuildFile; fileRef = 2CE0BB8A1EAEBA7E008151C2 /* DVDShop.xcdatamodeld */; };
		2CE0BB8E1EAEBA7E008151C2 /* Assets.xcassets in Resources */ = {isa = PBXBuildFile; fileRef = 2CE0BB8D1EAEBA7E008151C2 /* Assets.xcassets */; };
		2CE0BB911EAEBA7E008151C2 /* LaunchScreen.storyboard in Resources */ = {isa = PBXBuildFile; fileRef = 2CE0BB8F1EAEBA7E008151C2 /* LaunchScreen.storyboard */; };
		2CE0BB9C1EAEBA7E008151C2 /* DVDShopTests.swift in Sources */ = {isa = PBXBuildFile; fileRef = 2CE0BB9B1EAEBA7E008151C2 /* DVDShopTests.swift */; };
		2CE0BBA71EAEBA7E008151C2 /* DVDShopUITests.swift in Sources */ = {isa = PBXBuildFile; fileRef = 2CE0BBA61EAEBA7E008151C2 /* DVDShopUITests.swift */; };
/* End PBXBuildFile section */

/* Begin PBXContainerItemProxy section */
		2CE0BB981EAEBA7E008151C2 /* PBXContainerItemProxy */ = {
			isa = PBXContainerItemProxy;
			containerPortal = 2CE0BB781EAEBA7E008151C2 /* Project object */;
			proxyType = 1;
			remoteGlobalIDString = 2CE0BB7F1EAEBA7E008151C2;
			remoteInfo = DVDShop;
		};
		2CE0BBA31EAEBA7E008151C2 /* PBXContainerItemProxy */ = {
			isa = PBXContainerItemProxy;
			containerPortal = 2CE0BB781EAEBA7E008151C2 /* Project object */;
			proxyType = 1;
			remoteGlobalIDString = 2CE0BB7F1EAEBA7E008151C2;
			remoteInfo = DVDShop;
		};
/* End PBXContainerItemProxy section */

/* Begin PBXFileReference section */
		2C56E89C1EAFA4FE00DEFECC /* ShopMasterTableViewCell.swift */ = {isa = PBXFileReference; fileEncoding = 4; lastKnownFileType = sourcecode.swift; name = ShopMasterTableViewCell.swift; path = ../ShopMasterTableViewCell.swift; sourceTree = "<group>"; };
		2CE0BB801EAEBA7E008151C2 /* DVDShop.app */ = {isa = PBXFileReference; explicitFileType = wrapper.application; includeInIndex = 0; path = DVDShop.app; sourceTree = BUILT_PRODUCTS_DIR; };
		2CE0BB831EAEBA7E008151C2 /* AppDelegate.swift */ = {isa = PBXFileReference; lastKnownFileType = sourcecode.swift; name = AppDelegate.swift; path = DVDShop/AppDelegate.swift; sourceTree = "<group>"; };
		2CE0BB881EAEBA7E008151C2 /* Base */ = {isa = PBXFileReference; lastKnownFileType = file.storyboard; name = Base; path = Base.lproj/Main.storyboard; sourceTree = "<group>"; };
		2CE0BB8B1EAEBA7E008151C2 /* DVDShop.xcdatamodel */ = {isa = PBXFileReference; lastKnownFileType = wrapper.xcdatamodel; path = DVDShop.xcdatamodel; sourceTree = "<group>"; };
		2CE0BB8D1EAEBA7E008151C2 /* Assets.xcassets */ = {isa = PBXFileReference; lastKnownFileType = folder.assetcatalog; name = Assets.xcassets; path = DVDShop/Assets.xcassets; sourceTree = "<group>"; };
		2CE0BB901EAEBA7E008151C2 /* Base */ = {isa = PBXFileReference; lastKnownFileType = file.storyboard; name = Base; path = Base.lproj/LaunchScreen.storyboard; sourceTree = "<group>"; };
		2CE0BB921EAEBA7E008151C2 /* Info.plist */ = {isa = PBXFileReference; lastKnownFileType = text.plist.xml; name = Info.plist; path = DVDShop/Info.plist; sourceTree = "<group>"; };
		2CE0BB971EAEBA7E008151C2 /* DVDShopTests.xctest */ = {isa = PBXFileReference; explicitFileType = wrapper.cfbundle; includeInIndex = 0; path = DVDShopTests.xctest; sourceTree = BUILT_PRODUCTS_DIR; };
		2CE0BB9B1EAEBA7E008151C2 /* DVDShopTests.swift */ = {isa = PBXFileReference; lastKnownFileType = sourcecode.swift; path = DVDShopTests.swift; sourceTree = "<group>"; };
		2CE0BB9D1EAEBA7E008151C2 /* Info.plist */ = {isa = PBXFileReference; lastKnownFileType = text.plist.xml; path = Info.plist; sourceTree = "<group>"; };
		2CE0BBA21EAEBA7E008151C2 /* DVDShopUITests.xctest */ = {isa = PBXFileReference; explicitFileType = wrapper.cfbundle; includeInIndex = 0; path = DVDShopUITests.xctest; sourceTree = BUILT_PRODUCTS_DIR; };
		2CE0BBA61EAEBA7E008151C2 /* DVDShopUITests.swift */ = {isa = PBXFileReference; lastKnownFileType = sourcecode.swift; path = DVDShopUITests.swift; sourceTree = "<group>"; };
		2CE0BBA81EAEBA7E008151C2 /* Info.plist */ = {isa = PBXFileReference; lastKnownFileType = text.plist.xml; path = Info.plist; sourceTree = "<group>"; };
/* End PBXFileReference section */

/* Begin PBXFrameworksBuildPhase section */
		2CE0BB7D1EAEBA7E008151C2 /* Frameworks */ = {
			isa = PBXFrameworksBuildPhase;
			buildActionMask = 2147483647;
			files = (
			);
			runOnlyForDeploymentPostprocessing = 0;
		};
		2CE0BB941EAEBA7E008151C2 /* Frameworks */ = {
			isa = PBXFrameworksBuildPhase;
			buildActionMask = 2147483647;
			files = (
			);
			runOnlyForDeploymentPostprocessing = 0;
		};
		2CE0BB9F1EAEBA7E008151C2 /* Frameworks */ = {
			isa = PBXFrameworksBuildPhase;
			buildActionMask = 2147483647;
			files = (
			);
			runOnlyForDeploymentPostprocessing = 0;
		};
/* End PBXFrameworksBuildPhase section */

/* Begin PBXGroup section */
		2C1573841EAFEA9C00B48306 /* Controlers */ = {
			isa = PBXGroup;
			children = (
			);
			name = Controlers;
			sourceTree = "<group>";
		};
		2C1573851EAFEAC200B48306 /* Views */ = {
			isa = PBXGroup;
			children = (
				2CE0BB871EAEBA7E008151C2 /* Main.storyboard */,
			);
			name = Views;
			sourceTree = "<group>";
		};
		2C1573861EAFEAE000B48306 /* Models */ = {
			isa = PBXGroup;
			children = (
				2CE0BB831EAEBA7E008151C2 /* AppDelegate.swift */,
				2CE0BB8A1EAEBA7E008151C2 /* DVDShop.xcdatamodeld */,
				2CE0BB8D1EAEBA7E008151C2 /* Assets.xcassets */,
				2CE0BB921EAEBA7E008151C2 /* Info.plist */,
			);
			name = Models;
			sourceTree = "<group>";
		};
		2CE0BB771EAEBA7E008151C2 = {
			isa = PBXGroup;
			children = (
				2CE0BB821EAEBA7E008151C2 /* DVDShop */,
				2C1573861EAFEAE000B48306 /* Models */,
				2CE0BB9A1EAEBA7E008151C2 /* DVDShopTests */,
				2CE0BBA51EAEBA7E008151C2 /* DVDShopUITests */,
				2CE0BB811EAEBA7E008151C2 /* Products */,
			);
			sourceTree = "<group>";
		};
		2CE0BB811EAEBA7E008151C2 /* Products */ = {
			isa = PBXGroup;
			children = (
				2CE0BB801EAEBA7E008151C2 /* DVDShop.app */,
				2CE0BB971EAEBA7E008151C2 /* DVDShopTests.xctest */,
				2CE0BBA21EAEBA7E008151C2 /* DVDShopUITests.xctest */,
			);
			name = Products;
			sourceTree = "<group>";
		};
		2CE0BB821EAEBA7E008151C2 /* DVDShop */ = {
			isa = PBXGroup;
			children = (
				2C1573851EAFEAC200B48306 /* Views */,
				2C1573841EAFEA9C00B48306 /* Controlers */,
				2C56E89C1EAFA4FE00DEFECC /* ShopMasterTableViewCell.swift */,
				2CE0BB8F1EAEBA7E008151C2 /* LaunchScreen.storyboard */,
			);
			path = DVDShop;
			sourceTree = "<group>";
		};
		2CE0BB9A1EAEBA7E008151C2 /* DVDShopTests */ = {
			isa = PBXGroup;
			children = (
				2CE0BB9B1EAEBA7E008151C2 /* DVDShopTests.swift */,
				2CE0BB9D1EAEBA7E008151C2 /* Info.plist */,
			);
			path = DVDShopTests;
			sourceTree = "<group>";
		};
		2CE0BBA51EAEBA7E008151C2 /* DVDShopUITests */ = {
			isa = PBXGroup;
			children = (
				2CE0BBA61EAEBA7E008151C2 /* DVDShopUITests.swift */,
				2CE0BBA81EAEBA7E008151C2 /* Info.plist */,
			);
			path = DVDShopUITests;
			sourceTree = "<group>";
		};
/* End PBXGroup section */

/* Begin PBXNativeTarget section */
		2CE0BB7F1EAEBA7E008151C2 /* DVDShop */ = {
			isa = PBXNativeTarget;
			buildConfigurationList = 2CE0BBAB1EAEBA7E008151C2 /* Build configuration list for PBXNativeTarget "DVDShop" */;
			buildPhases = (
				2CE0BB7C1EAEBA7E008151C2 /* Sources */,
				2CE0BB7D1EAEBA7E008151C2 /* Frameworks */,
				2CE0BB7E1EAEBA7E008151C2 /* Resources */,
			);
			buildRules = (
			);
			dependencies = (
			);
			name = DVDShop;
			productName = DVDShop;
			productReference = 2CE0BB801EAEBA7E008151C2 /* DVDShop.app */;
			productType = "com.apple.product-type.application";
		};
		2CE0BB961EAEBA7E008151C2 /* DVDShopTests */ = {
			isa = PBXNativeTarget;
			buildConfigurationList = 2CE0BBAE1EAEBA7E008151C2 /* Build configuration list for PBXNativeTarget "DVDShopTests" */;
			buildPhases = (
				2CE0BB931EAEBA7E008151C2 /* Sources */,
				2CE0BB941EAEBA7E008151C2 /* Frameworks */,
				2CE0BB951EAEBA7E008151C2 /* Resources */,
			);
			buildRules = (
			);
			dependencies = (
				2CE0BB991EAEBA7E008151C2 /* PBXTargetDependency */,
			);
			name = DVDShopTests;
			productName = DVDShopTests;
			productReference = 2CE0BB971EAEBA7E008151C2 /* DVDShopTests.xctest */;
			productType = "com.apple.product-type.bundle.unit-test";
		};
		2CE0BBA11EAEBA7E008151C2 /* DVDShopUITests */ = {
			isa = PBXNativeTarget;
			buildConfigurationList = 2CE0BBB11EAEBA7E008151C2 /* Build configuration list for PBXNativeTarget "DVDShopUITests" */;
			buildPhases = (
				2CE0BB9E1EAEBA7E008151C2 /* Sources */,
				2CE0BB9F1EAEBA7E008151C2 /* Frameworks */,
				2CE0BBA01EAEBA7E008151C2 /* Resources */,
			);
			buildRules = (
			);
			dependencies = (
				2CE0BBA41EAEBA7E008151C2 /* PBXTargetDependency */,
			);
			name = DVDShopUITests;
			productName = DVDShopUITests;
			productReference = 2CE0BBA21EAEBA7E008151C2 /* DVDShopUITests.xctest */;
			productType = "com.apple.product-type.bundle.ui-testing";
		};
/* End PBXNativeTarget section */

/* Begin PBXProject section */
		2CE0BB781EAEBA7E008151C2 /* Project object */ = {
			isa = PBXProject;
			attributes = {
				LastSwiftUpdateCheck = 0830;
				LastUpgradeCheck = 0830;
				ORGANIZATIONNAME = "Slawomir Kurczewski";
				TargetAttributes = {
					2CE0BB7F1EAEBA7E008151C2 = {
						CreatedOnToolsVersion = 8.3.2;
						DevelopmentTeam = 667E7NU7M9;
						ProvisioningStyle = Automatic;
					};
					2CE0BB961EAEBA7E008151C2 = {
						CreatedOnToolsVersion = 8.3.2;
						DevelopmentTeam = 667E7NU7M9;
						ProvisioningStyle = Automatic;
						TestTargetID = 2CE0BB7F1EAEBA7E008151C2;
					};
					2CE0BBA11EAEBA7E008151C2 = {
						CreatedOnToolsVersion = 8.3.2;
						DevelopmentTeam = 667E7NU7M9;
						ProvisioningStyle = Automatic;
						TestTargetID = 2CE0BB7F1EAEBA7E008151C2;
					};
				};
			};
			buildConfigurationList = 2CE0BB7B1EAEBA7E008151C2 /* Build configuration list for PBXProject "DVDShop" */;
			compatibilityVersion = "Xcode 3.2";
			developmentRegion = English;
			hasScannedForEncodings = 0;
			knownRegions = (
				en,
				Base,
			);
			mainGroup = 2CE0BB771EAEBA7E008151C2;
			productRefGroup = 2CE0BB811EAEBA7E008151C2 /* Products */;
			projectDirPath = "";
			projectRoot = "";
			targets = (
				2CE0BB7F1EAEBA7E008151C2 /* DVDShop */,
				2CE0BB961EAEBA7E008151C2 /* DVDShopTests */,
				2CE0BBA11EAEBA7E008151C2 /* DVDShopUITests */,
			);
		};
/* End PBXProject section */

/* Begin PBXResourcesBuildPhase section */
		2CE0BB7E1EAEBA7E008151C2 /* Resources */ = {
			isa = PBXResourcesBuildPhase;
			buildActionMask = 2147483647;
			files = (
				2CE0BB911EAEBA7E008151C2 /* LaunchScreen.storyboard in Resources */,
				2CE0BB8E1EAEBA7E008151C2 /* Assets.xcassets in Resources */,
				2CE0BB891EAEBA7E008151C2 /* Main.storyboard in Resources */,
			);
			runOnlyForDeploymentPostprocessing = 0;
		};
		2CE0BB951EAEBA7E008151C2 /* Resources */ = {
			isa = PBXResourcesBuildPhase;
			buildActionMask = 2147483647;
			files = (
			);
			runOnlyForDeploymentPostprocessing = 0;
		};
		2CE0BBA01EAEBA7E008151C2 /* Resources */ = {
			isa = PBXResourcesBuildPhase;
			buildActionMask = 2147483647;
			files = (
			);
			runOnlyForDeploymentPostprocessing = 0;
		};
/* End PBXResourcesBuildPhase section */

/* Begin PBXSourcesBuildPhase section */
		2CE0BB7C1EAEBA7E008151C2 /* Sources */ = {
			isa = PBXSourcesBuildPhase;
			buildActionMask = 2147483647;
			files = (
				2CE0BB8C1EAEBA7E008151C2 /* DVDShop.xcdatamodeld in Sources */,
				2C56E89D1EAFA4FE00DEFECC /* ShopMasterTableViewCell.swift in Sources */,
				2CE0BB841EAEBA7E008151C2 /* AppDelegate.swift in Sources */,
			);
			runOnlyForDeploymentPostprocessing = 0;
		};
		2CE0BB931EAEBA7E008151C2 /* Sources */ = {
			isa = PBXSourcesBuildPhase;
			buildActionMask = 2147483647;
			files = (
				2CE0BB9C1EAEBA7E008151C2 /* DVDShopTests.swift in Sources */,
			);
			runOnlyForDeploymentPostprocessing = 0;
		};
		2CE0BB9E1EAEBA7E008151C2 /* Sources */ = {
			isa = PBXSourcesBuildPhase;
			buildActionMask = 2147483647;
			files = (
				2CE0BBA71EAEBA7E008151C2 /* DVDShopUITests.swift in Sources */,
			);
			runOnlyForDeploymentPostprocessing = 0;
		};
/* End PBXSourcesBuildPhase section */

/* Begin PBXTargetDependency section */
		2CE0BB991EAEBA7E008151C2 /* PBXTargetDependency */ = {
			isa = PBXTargetDependency;
			target = 2CE0BB7F1EAEBA7E008151C2 /* DVDShop */;
			targetProxy = 2CE0BB981EAEBA7E008151C2 /* PBXContainerItemProxy */;
		};
		2CE0BBA41EAEBA7E008151C2 /* PBXTargetDependency */ = {
			isa = PBXTargetDependency;
			target = 2CE0BB7F1EAEBA7E008151C2 /* DVDShop */;
			targetProxy = 2CE0BBA31EAEBA7E008151C2 /* PBXContainerItemProxy */;
		};
/* End PBXTargetDependency section */

/* Begin PBXVariantGroup section */
		2CE0BB871EAEBA7E008151C2 /* Main.storyboard */ = {
			isa = PBXVariantGroup;
			children = (
				2CE0BB881EAEBA7E008151C2 /* Base */,
			);
			name = Main.storyboard;
			sourceTree = "<group>";
		};
		2CE0BB8F1EAEBA7E008151C2 /* LaunchScreen.storyboard */ = {
			isa = PBXVariantGroup;
			children = (
				2CE0BB901EAEBA7E008151C2 /* Base */,
			);
			name = LaunchScreen.storyboard;
			sourceTree = "<group>";
		};
/* End PBXVariantGroup section */

/* Begin XCBuildConfiguration section */
		2CE0BBA91EAEBA7E008151C2 /* Debug */ = {
			isa = XCBuildConfiguration;
			buildSettings = {
				ALWAYS_SEARCH_USER_PATHS = NO;
				CLANG_ANALYZER_NONNULL = YES;
				CLANG_ANALYZER_NUMBER_OBJECT_CONVERSION = YES_AGGRESSIVE;
				CLANG_CXX_LANGUAGE_STANDARD = "gnu++0x";
				CLANG_CXX_LIBRARY = "libc++";
				CLANG_ENABLE_MODULES = YES;
				CLANG_ENABLE_OBJC_ARC = YES;
				CLANG_WARN_BOOL_CONVERSION = YES;
				CLANG_WARN_CONSTANT_CONVERSION = YES;
				CLANG_WARN_DIRECT_OBJC_ISA_USAGE = YES_ERROR;
				CLANG_WARN_DOCUMENTATION_COMMENTS = YES;
				CLANG_WARN_EMPTY_BODY = YES;
				CLANG_WARN_ENUM_CONVERSION = YES;
				CLANG_WARN_INFINITE_RECURSION = YES;
				CLANG_WARN_INT_CONVERSION = YES;
				CLANG_WARN_OBJC_ROOT_CLASS = YES_ERROR;
				CLANG_WARN_SUSPICIOUS_MOVE = YES;
				CLANG_WARN_UNREACHABLE_CODE = YES;
				CLANG_WARN__DUPLICATE_METHOD_MATCH = YES;
				"CODE_SIGN_IDENTITY[sdk=iphoneos*]" = "iPhone Developer";
				COPY_PHASE_STRIP = NO;
				DEBUG_INFORMATION_FORMAT = dwarf;
				ENABLE_STRICT_OBJC_MSGSEND = YES;
				ENABLE_TESTABILITY = YES;
				GCC_C_LANGUAGE_STANDARD = gnu99;
				GCC_DYNAMIC_NO_PIC = NO;
				GCC_NO_COMMON_BLOCKS = YES;
				GCC_OPTIMIZATION_LEVEL = 0;
				GCC_PREPROCESSOR_DEFINITIONS = (
					"DEBUG=1",
					"$(inherited)",
				);
				GCC_WARN_64_TO_32_BIT_CONVERSION = YES;
				GCC_WARN_ABOUT_RETURN_TYPE = YES_ERROR;
				GCC_WARN_UNDECLARED_SELECTOR = YES;
				GCC_WARN_UNINITIALIZED_AUTOS = YES_AGGRESSIVE;
				GCC_WARN_UNUSED_FUNCTION = YES;
				GCC_WARN_UNUSED_VARIABLE = YES;
				IPHONEOS_DEPLOYMENT_TARGET = 10.3;
				MTL_ENABLE_DEBUG_INFO = YES;
				ONLY_ACTIVE_ARCH = YES;
				SDKROOT = iphoneos;
				SWIFT_ACTIVE_COMPILATION_CONDITIONS = DEBUG;
				SWIFT_OPTIMIZATION_LEVEL = "-Onone";
				TARGETED_DEVICE_FAMILY = "1,2";
			};
			name = Debug;
		};
		2CE0BBAA1EAEBA7E008151C2 /* Release */ = {
			isa = XCBuildConfiguration;
			buildSettings = {
				ALWAYS_SEARCH_USER_PATHS = NO;
				CLANG_ANALYZER_NONNULL = YES;
				CLANG_ANALYZER_NUMBER_OBJECT_CONVERSION = YES_AGGRESSIVE;
				CLANG_CXX_LANGUAGE_STANDARD = "gnu++0x";
				CLANG_CXX_LIBRARY = "libc++";
				CLANG_ENABLE_MODULES = YES;
				CLANG_ENABLE_OBJC_ARC = YES;
				CLANG_WARN_BOOL_CONVERSION = YES;
				CLANG_WARN_CONSTANT_CONVERSION = YES;
				CLANG_WARN_DIRECT_OBJC_ISA_USAGE = YES_ERROR;
				CLANG_WARN_DOCUMENTATION_COMMENTS = YES;
				CLANG_WARN_EMPTY_BODY = YES;
				CLANG_WARN_ENUM_CONVERSION = YES;
				CLANG_WARN_INFINITE_RECURSION = YES;
				CLANG_WARN_INT_CONVERSION = YES;
				CLANG_WARN_OBJC_ROOT_CLASS = YES_ERROR;
				CLANG_WARN_SUSPICIOUS_MOVE = YES;
				CLANG_WARN_UNREACHABLE_CODE = YES;
				CLANG_WARN__DUPLICATE_METHOD_MATCH = YES;
				"CODE_SIGN_IDENTITY[sdk=iphoneos*]" = "iPhone Developer";
				COPY_PHASE_STRIP = NO;
				DEBUG_INFORMATION_FORMAT = "dwarf-with-dsym";
				ENABLE_NS_ASSERTIONS = NO;
				ENABLE_STRICT_OBJC_MSGSEND = YES;
				GCC_C_LANGUAGE_STANDARD = gnu99;
				GCC_NO_COMMON_BLOCKS = YES;
				GCC_WARN_64_TO_32_BIT_CONVERSION = YES;
				GCC_WARN_ABOUT_RETURN_TYPE = YES_ERROR;
				GCC_WARN_UNDECLARED_SELECTOR = YES;
				GCC_WARN_UNINITIALIZED_AUTOS = YES_AGGRESSIVE;
				GCC_WARN_UNUSED_FUNCTION = YES;
				GCC_WARN_UNUSED_VARIABLE = YES;
				IPHONEOS_DEPLOYMENT_TARGET = 10.3;
				MTL_ENABLE_DEBUG_INFO = NO;
				SDKROOT = iphoneos;
				SWIFT_OPTIMIZATION_LEVEL = "-Owholemodule";
				TARGETED_DEVICE_FAMILY = "1,2";
				VALIDATE_PRODUCT = YES;
			};
			name = Release;
		};
		2CE0BBAC1EAEBA7E008151C2 /* Debug */ = {
			isa = XCBuildConfiguration;
			buildSettings = {
				ASSETCATALOG_COMPILER_APPICON_NAME = AppIcon;
				DEVELOPMENT_TEAM = 667E7NU7M9;
				INFOPLIST_FILE = DVDShop/Info.plist;
				LD_RUNPATH_SEARCH_PATHS = "$(inherited) @executable_path/Frameworks";
				PRODUCT_BUNDLE_IDENTIFIER = pl.wroclaw.pwr.DVDShop;
				PRODUCT_NAME = "$(TARGET_NAME)";
				SWIFT_VERSION = 3.0;
			};
			name = Debug;
		};
		2CE0BBAD1EAEBA7E008151C2 /* Release */ = {
			isa = XCBuildConfiguration;
			buildSettings = {
				ASSETCATALOG_COMPILER_APPICON_NAME = AppIcon;
				DEVELOPMENT_TEAM = 667E7NU7M9;
				INFOPLIST_FILE = DVDShop/Info.plist;
				LD_RUNPATH_SEARCH_PATHS = "$(inherited) @executable_path/Frameworks";
				PRODUCT_BUNDLE_IDENTIFIER = pl.wroclaw.pwr.DVDShop;
				PRODUCT_NAME = "$(TARGET_NAME)";
				SWIFT_VERSION = 3.0;
			};
			name = Release;
		};
		2CE0BBAF1EAEBA7E008151C2 /* Debug */ = {
			isa = XCBuildConfiguration;
			buildSettings = {
				ALWAYS_EMBED_SWIFT_STANDARD_LIBRARIES = YES;
				BUNDLE_LOADER = "$(TEST_HOST)";
				DEVELOPMENT_TEAM = 667E7NU7M9;
				INFOPLIST_FILE = DVDShopTests/Info.plist;
				LD_RUNPATH_SEARCH_PATHS = "$(inherited) @executable_path/Frameworks @loader_path/Frameworks";
				PRODUCT_BUNDLE_IDENTIFIER = pl.wroclaw.pwr.DVDShopTests;
				PRODUCT_NAME = "$(TARGET_NAME)";
				SWIFT_VERSION = 3.0;
				TEST_HOST = "$(BUILT_PRODUCTS_DIR)/DVDShop.app/DVDShop";
			};
			name = Debug;
		};
		2CE0BBB01EAEBA7E008151C2 /* Release */ = {
			isa = XCBuildConfiguration;
			buildSettings = {
				ALWAYS_EMBED_SWIFT_STANDARD_LIBRARIES = YES;
				BUNDLE_LOADER = "$(TEST_HOST)";
				DEVELOPMENT_TEAM = 667E7NU7M9;
				INFOPLIST_FILE = DVDShopTests/Info.plist;
				LD_RUNPATH_SEARCH_PATHS = "$(inherited) @executable_path/Frameworks @loader_path/Frameworks";
				PRODUCT_BUNDLE_IDENTIFIER = pl.wroclaw.pwr.DVDShopTests;
				PRODUCT_NAME = "$(TARGET_NAME)";
				SWIFT_VERSION = 3.0;
				TEST_HOST = "$(BUILT_PRODUCTS_DIR)/DVDShop.app/DVDShop";
			};
			name = Release;
		};
		2CE0BBB21EAEBA7E008151C2 /* Debug */ = {
			isa = XCBuildConfiguration;
			buildSettings = {
				ALWAYS_EMBED_SWIFT_STANDARD_LIBRARIES = YES;
				DEVELOPMENT_TEAM = 667E7NU7M9;
				INFOPLIST_FILE = DVDShopUITests/Info.plist;
				LD_RUNPATH_SEARCH_PATHS = "$(inherited) @executable_path/Frameworks @loader_path/Frameworks";
				PRODUCT_BUNDLE_IDENTIFIER = pl.wroclaw.pwr.DVDShopUITests;
				PRODUCT_NAME = "$(TARGET_NAME)";
				SWIFT_VERSION = 3.0;
				TEST_TARGET_NAME = DVDShop;
			};
			name = Debug;
		};
		2CE0BBB31EAEBA7E008151C2 /* Release */ = {
			isa = XCBuildConfiguration;
			buildSettings = {
				ALWAYS_EMBED_SWIFT_STANDARD_LIBRARIES = YES;
				DEVELOPMENT_TEAM = 667E7NU7M9;
				INFOPLIST_FILE = DVDShopUITests/Info.plist;
				LD_RUNPATH_SEARCH_PATHS = "$(inherited) @executable_path/Frameworks @loader_path/Frameworks";
				PRODUCT_BUNDLE_IDENTIFIER = pl.wroclaw.pwr.DVDShopUITests;
				PRODUCT_NAME = "$(TARGET_NAME)";
				SWIFT_VERSION = 3.0;
				TEST_TARGET_NAME = DVDShop;
			};
			name = Release;
		};
/* End XCBuildConfiguration section */

/* Begin XCConfigurationList section */
		2CE0BB7B1EAEBA7E008151C2 /* Build configuration list for PBXProject "DVDShop" */ = {
			isa = XCConfigurationList;
			buildConfigurations = (
				2CE0BBA91EAEBA7E008151C2 /* Debug */,
				2CE0BBAA1EAEBA7E008151C2 /* Release */,
			);
			defaultConfigurationIsVisible = 0;
			defaultConfigurationName = Release;
		};
		2CE0BBAB1EAEBA7E008151C2 /* Build configuration list for PBXNativeTarget "DVDShop" */ = {
			isa = XCConfigurationList;
			buildConfigurations = (
				2CE0BBAC1EAEBA7E008151C2 /* Debug */,
				2CE0BBAD1EAEBA7E008151C2 /* Release */,
			);
			defaultConfigurationIsVisible = 0;
			defaultConfigurationName = Release;
		};
		2CE0BBAE1EAEBA7E008151C2 /* Build configuration list for PBXNativeTarget "DVDShopTests" */ = {
			isa = XCConfigurationList;
			buildConfigurations = (
				2CE0BBAF1EAEBA7E008151C2 /* Debug */,
				2CE0BBB01EAEBA7E008151C2 /* Release */,
			);
			defaultConfigurationIsVisible = 0;
			defaultConfigurationName = Release;
		};
		2CE0BBB11EAEBA7E008151C2 /* Build configuration list for PBXNativeTarget "DVDShopUITests" */ = {
			isa = XCConfigurationList;
			buildConfigurations = (
				2CE0BBB21EAEBA7E008151C2 /* Debug */,
				2CE0BBB31EAEBA7E008151C2 /* Release */,
			);
			defaultConfigurationIsVisible = 0;
			defaultConfigurationName = Release;
		};
/* End XCConfigurationList section */

/* Begin XCVersionGroup section */
		2CE0BB8A1EAEBA7E008151C2 /* DVDShop.xcdatamodeld */ = {
			isa = XCVersionGroup;
			children = (
				2CE0BB8B1EAEBA7E008151C2 /* DVDShop.xcdatamodel */,
			);
			currentVersion = 2CE0BB8B1EAEBA7E008151C2 /* DVDShop.xcdatamodel */;
			name = DVDShop.xcdatamodeld;
			path = DVDShop/DVDShop.xcdatamodeld;
			sourceTree = "<group>";
			versionGroupType = wrapper.xcdatamodel;
		};
/* End XCVersionGroup section */
	};
	rootObject = 2CE0BB781EAEBA7E008151C2 /* Project object */;
}
